
Microsoft Visual Studio Solution File, Format Version 12.00
# Visual Studio Version 16
VisualStudioVersion = 16.0.29326.143
MinimumVisualStudioVersion = 10.0.40219.1
Project("{FAE04EC0-301F-11D3-BF4B-00C04F79EFBC}") = "APIDemo", "APIDemo\APIDemo.csproj", "{9C055431-6CB5-49BE-A494-63683DD88F16}"
EndProject
Global
	GlobalSection(SolutionConfigurationPlatforms) = preSolution
		Debug|Any CPU = Debug|Any CPU
		Release|Any CPU = Release|Any CPU
	EndGlobalSection
	GlobalSection(ProjectConfigurationPlatforms) = postSolution
		{9C055431-6CB5-49BE-A494-63683DD88F16}.Debug|Any CPU.ActiveCfg = Debug|Any CPU
		{9C055431-6CB5-49BE-A494-63683DD88F16}.Debug|Any CPU.Build.0 = Debug|Any CPU
		{9C055431-6CB5-49BE-A494-63683DD88F16}.Release|Any CPU.ActiveCfg = Release|Any CPU
		{9C055431-6CB5-49BE-A494-63683DD88F16}.Release|Any CPU.Build.0 = Release|Any CPU
	EndGlobalSection
	GlobalSection(SolutionProperties) = preSolution
		HideSolutionNode = FALSE
	EndGlobalSection
	GlobalSection(ExtensibilityGlobals) = postSolution
		SolutionGuid = {6AE41C3E-9B31-4774-8804-6A6C4F31778C}
	EndGlobalSection
EndGlobal
